
Microsoft Visual Studio Solution File, Format Version 12.00
# Visual Studio Version 17
VisualStudioVersion = 17.9.34728.123
MinimumVisualStudioVersion = 10.0.40219.1
Project("{9A19103F-16F7-4668-BE54-9A1E7A4F7556}") = "FigureAreaLibrary", "FigureAreaLibrary\FigureAreaLibrary.csproj", "{9DAC3FA9-4C5C-44A5-B59A-0520EDF4C883}"
EndProject
Project("{9A19103F-16F7-4668-BE54-9A1E7A4F7556}") = "FigureAreaLibraryTests", "FigureAreaLibraryTests\FigureAreaLibraryTests.csproj", "{39BCA635-EB37-4863-AEB1-0B9968FC1C0B}"
EndProject
Project("{2150E333-8FDC-42A3-9474-1A3956D46DE8}") = "Элементы решения", "Элементы решения", "{C6520B53-22B7-41EB-9DFD-2B00E59B8EAA}"
	ProjectSection(SolutionItems) = preProject
		ProductsAndCatigories.sql = ProductsAndCatigories.sql
	EndProjectSection
EndProject
Global
	GlobalSection(SolutionConfigurationPlatforms) = preSolution
		Debug|Any CPU = Debug|Any CPU
		Release|Any CPU = Release|Any CPU
	EndGlobalSection
	GlobalSection(ProjectConfigurationPlatforms) = postSolution
		{9DAC3FA9-4C5C-44A5-B59A-0520EDF4C883}.Debug|Any CPU.ActiveCfg = Debug|Any CPU
		{9DAC3FA9-4C5C-44A5-B59A-0520EDF4C883}.Debug|Any CPU.Build.0 = Debug|Any CPU
		{9DAC3FA9-4C5C-44A5-B59A-0520EDF4C883}.Release|Any CPU.ActiveCfg = Release|Any CPU
		{9DAC3FA9-4C5C-44A5-B59A-0520EDF4C883}.Release|Any CPU.Build.0 = Release|Any CPU
		{39BCA635-EB37-4863-AEB1-0B9968FC1C0B}.Debug|Any CPU.ActiveCfg = Debug|Any CPU
		{39BCA635-EB37-4863-AEB1-0B9968FC1C0B}.Debug|Any CPU.Build.0 = Debug|Any CPU
		{39BCA635-EB37-4863-AEB1-0B9968FC1C0B}.Release|Any CPU.ActiveCfg = Release|Any CPU
		{39BCA635-EB37-4863-AEB1-0B9968FC1C0B}.Release|Any CPU.Build.0 = Release|Any CPU
	EndGlobalSection
	GlobalSection(SolutionProperties) = preSolution
		HideSolutionNode = FALSE
	EndGlobalSection
	GlobalSection(ExtensibilityGlobals) = postSolution
		SolutionGuid = {BEFDC949-E08B-437F-BB0A-3E838EF98941}
	EndGlobalSection
EndGlobal
